
Microsoft Visual Studio Solution File, Format Version 12.00
Project("{F2A71F9B-5D33-465A-A702-920D77279786}") = "Fable.Form.Simple.MaterialUI", "Fable.Form.Simple.MaterialUI\Fable.Form.Simple.MaterialUI.fsproj", "{69BE41C0-137B-4975-A9CD-103905A30CDE}"
EndProject
Global
	GlobalSection(SolutionConfigurationPlatforms) = preSolution
		Debug|Any CPU = Debug|Any CPU
		Release|Any CPU = Release|Any CPU
	EndGlobalSection
	GlobalSection(ProjectConfigurationPlatforms) = postSolution
		{69BE41C0-137B-4975-A9CD-103905A30CDE}.Debug|Any CPU.ActiveCfg = Debug|Any CPU
		{69BE41C0-137B-4975-A9CD-103905A30CDE}.Debug|Any CPU.Build.0 = Debug|Any CPU
		{69BE41C0-137B-4975-A9CD-103905A30CDE}.Release|Any CPU.ActiveCfg = Release|Any CPU
		{69BE41C0-137B-4975-A9CD-103905A30CDE}.Release|Any CPU.Build.0 = Release|Any CPU
	EndGlobalSection
EndGlobal
